// !$*UTF8*$!
{
	archiveVersion = 1;
	classes = {
	};
	objectVersion = 46;
	objects = {

/* Begin PBXBuildFile section */
		43D973721DBE53D500B1B543 /* AppDelegate.swift in Sources */ = {isa = PBXBuildFile; fileRef = 43D973711DBE53D500B1B543 /* AppDelegate.swift */; };
		43D973741DBE53D500B1B543 /* ViewController.swift in Sources */ = {isa = PBXBuildFile; fileRef = 43D973731DBE53D500B1B543 /* ViewController.swift */; };
		43D973771DBE53D500B1B543 /* Main.storyboard in Resources */ = {isa = PBXBuildFile; fileRef = 43D973751DBE53D500B1B543 /* Main.storyboard */; };
		43D973791DBE53D500B1B543 /* Assets.xcassets in Resources */ = {isa = PBXBuildFile; fileRef = 43D973781DBE53D500B1B543 /* Assets.xcassets */; };
		43D9737C1DBE53D500B1B543 /* LaunchScreen.storyboard in Resources */ = {isa = PBXBuildFile; fileRef = 43D9737A1DBE53D500B1B543 /* LaunchScreen.storyboard */; };
/* End PBXBuildFile section */

/* Begin PBXFileReference section */
		43D9736E1DBE53D500B1B543 /* Rounded.app */ = {isa = PBXFileReference; explicitFileType = wrapper.application; includeInIndex = 0; path = Rounded.app; sourceTree = BUILT_PRODUCTS_DIR; };
		43D973711DBE53D500B1B543 /* AppDelegate.swift */ = {isa = PBXFileReference; lastKnownFileType = sourcecode.swift; path = AppDelegate.swift; sourceTree = "<group>"; };
		43D973731DBE53D500B1B543 /* ViewController.swift */ = {isa = PBXFileReference; lastKnownFileType = sourcecode.swift; path = ViewController.swift; sourceTree = "<group>"; };
		43D973761DBE53D500B1B543 /* Base */ = {isa = PBXFileReference; lastKnownFileType = file.storyboard; name = Base; path = Base.lproj/Main.storyboard; sourceTree = "<group>"; };
		43D973781DBE53D500B1B543 /* Assets.xcassets */ = {isa = PBXFileReference; lastKnownFileType = folder.assetcatalog; path = Assets.xcassets; sourceTree = "<group>"; };
		43D9737B1DBE53D500B1B543 /* Base */ = {isa = PBXFileReference; lastKnownFileType = file.storyboard; name = Base; path = Base.lproj/LaunchScreen.storyboard; sourceTree = "<group>"; };
		43D9737D1DBE53D500B1B543 /* Info.plist */ = {isa = PBXFileReference; lastKnownFileType = text.plist.xml; path = Info.plist; sourceTree = "<group>"; };
/* End PBXFileReference section */

/* Begin PBXFrameworksBuildPhase section */
		43D9736B1DBE53D500B1B543 /* Frameworks */ = {
			isa = PBXFrameworksBuildPhase;
			buildActionMask = 2147483647;
			files = (
			);
			runOnlyForDeploymentPostprocessing = 0;
		};
/* End PBXFrameworksBuildPhase section */

/* Begin PBXGroup section */
		43D973651DBE53D500B1B543 = {
			isa = PBXGroup;
			children = (
				43D973701DBE53D500B1B543 /* Rounded */,
				43D9736F1DBE53D500B1B543 /* Products */,
			);
			sourceTree = "<group>";
		};
		43D9736F1DBE53D500B1B543 /* Products */ = {
			isa = PBXGroup;
			children = (
				43D9736E1DBE53D500B1B543 /* Rounded.app */,
			);
			name = Products;
			sourceTree = "<group>";
		};
		43D973701DBE53D500B1B543 /* Rounded */ = {
			isa = PBXGroup;
			children = (
				43D973711DBE53D500B1B543 /* AppDelegate.swift */,
				43D973731DBE53D500B1B543 /* ViewController.swift */,
				43D973751DBE53D500B1B543 /* Main.storyboard */,
				43D973781DBE53D500B1B543 /* Assets.xcassets */,
				43D9737A1DBE53D500B1B543 /* LaunchScreen.storyboard */,
				43D9737D1DBE53D500B1B543 /* Info.plist */,
			);
			path = Rounded;
			sourceTree = "<group>";
		};
/* End PBXGroup section */

/* Begin PBXNativeTarget section */
		43D9736D1DBE53D500B1B543 /* Rounded */ = {
			isa = PBXNativeTarget;
			buildConfigurationList = 43D973801DBE53D500B1B543 /* Build configuration list for PBXNativeTarget "Rounded" */;
			buildPhases = (
				43D9736A1DBE53D500B1B543 /* Sources */,
				43D9736B1DBE53D500B1B543 /* Frameworks */,
				43D9736C1DBE53D500B1B543 /* Resources */,
			);
			buildRules = (
			);
			dependencies = (
			);
			name = Rounded;
			productName = Rounded;
			productReference = 43D9736E1DBE53D500B1B543 /* Rounded.app */;
			productType = "com.apple.product-type.application";
		};
/* End PBXNativeTarget section */

/* Begin PBXProject section */
		43D973661DBE53D500B1B543 /* Project object */ = {
			isa = PBXProject;
			attributes = {
				LastSwiftUpdateCheck = 0800;
				LastUpgradeCheck = 0800;
				ORGANIZATIONNAME = "Josh Zhanson";
				TargetAttributes = {
					43D9736D1DBE53D500B1B543 = {
						CreatedOnToolsVersion = 8.0;
						DevelopmentTeam = PXCFMZS94W;
						ProvisioningStyle = Automatic;
					};
				};
			};
			buildConfigurationList = 43D973691DBE53D500B1B543 /* Build configuration list for PBXProject "Rounded" */;
			compatibilityVersion = "Xcode 3.2";
			developmentRegion = English;
			hasScannedForEncodings = 0;
			knownRegions = (
				en,
				Base,
			);
			mainGroup = 43D973651DBE53D500B1B543;
			productRefGroup = 43D9736F1DBE53D500B1B543 /* Products */;
			projectDirPath = "";
			projectRoot = "";
			targets = (
				43D9736D1DBE53D500B1B543 /* Rounded */,
			);
		};
/* End PBXProject section */

/* Begin PBXResourcesBuildPhase section */
		43D9736C1DBE53D500B1B543 /* Resources */ = {
			isa = PBXResourcesBuildPhase;
			buildActionMask = 2147483647;
			files = (
				43D9737C1DBE53D500B1B543 /* LaunchScreen.storyboard in Resources */,
				43D973791DBE53D500B1B543 /* Assets.xcassets in Resources */,
				43D973771DBE53D500B1B543 /* Main.storyboard in Resources */,
			);
			runOnlyForDeploymentPostprocessing = 0;
		};
/* End PBXResourcesBuildPhase section */

/* Begin PBXSourcesBuildPhase section */
		43D9736A1DBE53D500B1B543 /* Sources */ = {
			isa = PBXSourcesBuildPhase;
			buildActionMask = 2147483647;
			files = (
				43D973741DBE53D500B1B543 /* ViewController.swift in Sources */,
				43D973721DBE53D500B1B543 /* AppDelegate.swift in Sources */,
			);
			runOnlyForDeploymentPostprocessing = 0;
		};
/* End PBXSourcesBuildPhase section */

/* Begin PBXVariantGroup section */
		43D973751DBE53D500B1B543 /* Main.storyboard */ = {
			isa = PBXVariantGroup;
			children = (
				43D973761DBE53D500B1B543 /* Base */,
			);
			name = Main.storyboard;
			sourceTree = "<group>";
		};
		43D9737A1DBE53D500B1B543 /* LaunchScreen.storyboard */ = {
			isa = PBXVariantGroup;
			children = (
				43D9737B1DBE53D500B1B543 /* Base */,
			);
			name = LaunchScreen.storyboard;
			sourceTree = "<group>";
		};
/* End PBXVariantGroup section */

/* Begin XCBuildConfiguration section */
		43D9737E1DBE53D500B1B543 /* Debug */ = {
			isa = XCBuildConfiguration;
			buildSettings = {
				ALWAYS_SEARCH_USER_PATHS = NO;
				CLANG_ANALYZER_NONNULL = YES;
				CLANG_CXX_LANGUAGE_STANDARD = "gnu++0x";
				CLANG_CXX_LIBRARY = "libc++";
				CLANG_ENABLE_MODULES = YES;
				CLANG_ENABLE_OBJC_ARC = YES;
				CLANG_WARN_BOOL_CONVERSION = YES;
				CLANG_WARN_CONSTANT_CONVERSION = YES;
				CLANG_WARN_DIRECT_OBJC_ISA_USAGE = YES_ERROR;
				CLANG_WARN_DOCUMENTATION_COMMENTS = YES;
				CLANG_WARN_EMPTY_BODY = YES;
				CLANG_WARN_ENUM_CONVERSION = YES;
				CLANG_WARN_INFINITE_RECURSION = YES;
				CLANG_WARN_INT_CONVERSION = YES;
				CLANG_WARN_OBJC_ROOT_CLASS = YES_ERROR;
				CLANG_WARN_SUSPICIOUS_MOVES = YES;
				CLANG_WARN_UNREACHABLE_CODE = YES;
				CLANG_WARN__DUPLICATE_METHOD_MATCH = YES;
				"CODE_SIGN_IDENTITY[sdk=iphoneos*]" = "iPhone Developer";
				COPY_PHASE_STRIP = NO;
				DEBUG_INFORMATION_FORMAT = dwarf;
				ENABLE_STRICT_OBJC_MSGSEND = YES;
				ENABLE_TESTABILITY = YES;
				GCC_C_LANGUAGE_STANDARD = gnu99;
				GCC_DYNAMIC_NO_PIC = NO;
				GCC_NO_COMMON_BLOCKS = YES;
				GCC_OPTIMIZATION_LEVEL = 0;
				GCC_PREPROCESSOR_DEFINITIONS = (
					"DEBUG=1",
					"$(inherited)",
				);
				GCC_WARN_64_TO_32_BIT_CONVERSION = YES;
				GCC_WARN_ABOUT_RETURN_TYPE = YES_ERROR;
				GCC_WARN_UNDECLARED_SELECTOR = YES;
				GCC_WARN_UNINITIALIZED_AUTOS = YES_AGGRESSIVE;
				GCC_WARN_UNUSED_FUNCTION = YES;
				GCC_WARN_UNUSED_VARIABLE = YES;
				IPHONEOS_DEPLOYMENT_TARGET = 10.0;
				MTL_ENABLE_DEBUG_INFO = YES;
				ONLY_ACTIVE_ARCH = YES;
				SDKROOT = iphoneos;
				SWIFT_ACTIVE_COMPILATION_CONDITIONS = DEBUG;
				SWIFT_OPTIMIZATION_LEVEL = "-Onone";
			};
			name = Debug;
		};
		43D9737F1DBE53D500B1B543 /* Release */ = {
			isa = XCBuildConfiguration;
			buildSettings = {
				ALWAYS_SEARCH_USER_PATHS = NO;
				CLANG_ANALYZER_NONNULL = YES;
				CLANG_CXX_LANGUAGE_STANDARD = "gnu++0x";
				CLANG_CXX_LIBRARY = "libc++";
				CLANG_ENABLE_MODULES = YES;
				CLANG_ENABLE_OBJC_ARC = YES;
				CLANG_WARN_BOOL_CONVERSION = YES;
				CLANG_WARN_CONSTANT_CONVERSION = YES;
				CLANG_WARN_DIRECT_OBJC_ISA_USAGE = YES_ERROR;
				CLANG_WARN_DOCUMENTATION_COMMENTS = YES;
				CLANG_WARN_EMPTY_BODY = YES;
				CLANG_WARN_ENUM_CONVERSION = YES;
				CLANG_WARN_INFINITE_RECURSION = YES;
				CLANG_WARN_INT_CONVERSION = YES;
				CLANG_WARN_OBJC_ROOT_CLASS = YES_ERROR;
				CLANG_WARN_SUSPICIOUS_MOVES = YES;
				CLANG_WARN_UNREACHABLE_CODE = YES;
				CLANG_WARN__DUPLICATE_METHOD_MATCH = YES;
				"CODE_SIGN_IDENTITY[sdk=iphoneos*]" = "iPhone Developer";
				COPY_PHASE_STRIP = NO;
				DEBUG_INFORMATION_FORMAT = "dwarf-with-dsym";
				ENABLE_NS_ASSERTIONS = NO;
				ENABLE_STRICT_OBJC_MSGSEND = YES;
				GCC_C_LANGUAGE_STANDARD = gnu99;
				GCC_NO_COMMON_BLOCKS = YES;
				GCC_WARN_64_TO_32_BIT_CONVERSION = YES;
				GCC_WARN_ABOUT_RETURN_TYPE = YES_ERROR;
				GCC_WARN_UNDECLARED_SELECTOR = YES;
				GCC_WARN_UNINITIALIZED_AUTOS = YES_AGGRESSIVE;
				GCC_WARN_UNUSED_FUNCTION = YES;
				GCC_WARN_UNUSED_VARIABLE = YES;
				IPHONEOS_DEPLOYMENT_TARGET = 10.0;
				MTL_ENABLE_DEBUG_INFO = NO;
				SDKROOT = iphoneos;
				SWIFT_OPTIMIZATION_LEVEL = "-Owholemodule";
				VALIDATE_PRODUCT = YES;
			};
			name = Release;
		};
		43D973811DBE53D500B1B543 /* Debug */ = {
			isa = XCBuildConfiguration;
			buildSettings = {
				ASSETCATALOG_COMPILER_APPICON_NAME = AppIcon;
				DEVELOPMENT_TEAM = PXCFMZS94W;
				INFOPLIST_FILE = Rounded/Info.plist;
				LD_RUNPATH_SEARCH_PATHS = "$(inherited) @executable_path/Frameworks";
				PRODUCT_BUNDLE_IDENTIFIER = "Josh-Zhanson.Rounded";
				PRODUCT_NAME = "$(TARGET_NAME)";
				SWIFT_VERSION = 3.0;
			};
			name = Debug;
		};
		43D973821DBE53D500B1B543 /* Release */ = {
			isa = XCBuildConfiguration;
			buildSettings = {
				ASSETCATALOG_COMPILER_APPICON_NAME = AppIcon;
				DEVELOPMENT_TEAM = PXCFMZS94W;
				INFOPLIST_FILE = Rounded/Info.plist;
				LD_RUNPATH_SEARCH_PATHS = "$(inherited) @executable_path/Frameworks";
				PRODUCT_BUNDLE_IDENTIFIER = "Josh-Zhanson.Rounded";
				PRODUCT_NAME = "$(TARGET_NAME)";
				SWIFT_VERSION = 3.0;
			};
			name = Release;
		};
/* End XCBuildConfiguration section */

/* Begin XCConfigurationList section */
		43D973691DBE53D500B1B543 /* Build configuration list for PBXProject "Rounded" */ = {
			isa = XCConfigurationList;
			buildConfigurations = (
				43D9737E1DBE53D500B1B543 /* Debug */,
				43D9737F1DBE53D500B1B543 /* Release */,
			);
			defaultConfigurationIsVisible = 0;
			defaultConfigurationName = Release;
		};
		43D973801DBE53D500B1B543 /* Build configuration list for PBXNativeTarget "Rounded" */ = {
			isa = XCConfigurationList;
			buildConfigurations = (
				43D973811DBE53D500B1B543 /* Debug */,
				43D973821DBE53D500B1B543 /* Release */,
			);
			defaultConfigurationIsVisible = 0;
		};
/* End XCConfigurationList section */
	};
	rootObject = 43D973661DBE53D500B1B543 /* Project object */;
}
